
Microsoft Visual Studio Solution File, Format Version 12.00
# Visual Studio Version 16
VisualStudioVersion = 16.0.30717.126
MinimumVisualStudioVersion = 10.0.40219.1
Project("{FAE04EC0-301F-11D3-BF4B-00C04F79EFBC}") = "RussianRGun", "RussianRGun.csproj", "{64203BBF-EF5D-46DD-82F3-BC0C1777B9CA}"
EndProject
Project("{FAE04EC0-301F-11D3-BF4B-00C04F79EFBC}") = "UnitTest", "UnitTest\UnitTest.csproj", "{B8EC4DC9-071F-45B1-814A-5936A4735B89}"
EndProject
Global
	GlobalSection(SolutionConfigurationPlatforms) = preSolution
		Debug|Any CPU = Debug|Any CPU
		Release|Any CPU = Release|Any CPU
	EndGlobalSection
	GlobalSection(ProjectConfigurationPlatforms) = postSolution
		{64203BBF-EF5D-46DD-82F3-BC0C1777B9CA}.Debug|Any CPU.ActiveCfg = Debug|Any CPU
		{64203BBF-EF5D-46DD-82F3-BC0C1777B9CA}.Debug|Any CPU.Build.0 = Debug|Any CPU
		{64203BBF-EF5D-46DD-82F3-BC0C1777B9CA}.Release|Any CPU.ActiveCfg = Release|Any CPU
		{64203BBF-EF5D-46DD-82F3-BC0C1777B9CA}.Release|Any CPU.Build.0 = Release|Any CPU
		{B8EC4DC9-071F-45B1-814A-5936A4735B89}.Debug|Any CPU.ActiveCfg = Debug|Any CPU
		{B8EC4DC9-071F-45B1-814A-5936A4735B89}.Debug|Any CPU.Build.0 = Debug|Any CPU
		{B8EC4DC9-071F-45B1-814A-5936A4735B89}.Release|Any CPU.ActiveCfg = Release|Any CPU
		{B8EC4DC9-071F-45B1-814A-5936A4735B89}.Release|Any CPU.Build.0 = Release|Any CPU
	EndGlobalSection
	GlobalSection(SolutionProperties) = preSolution
		HideSolutionNode = FALSE
	EndGlobalSection
	GlobalSection(ExtensibilityGlobals) = postSolution
		SolutionGuid = {376859E7-539B-40C7-9C57-DBD9D9D0E54F}
	EndGlobalSection
EndGlobal
